// !$*UTF8*$!
{
	archiveVersion = 1;
	classes = {
	};
	objectVersion = 51;
	objects = {

/* Begin PBXBuildFile section */
		4B70030812BA333497DCB9FD /* Pods_chaintune_chaintuneUITests.framework in Frameworks */ = {isa = PBXBuildFile; fileRef = 606B27139B11B7C80736A976 /* Pods_chaintune_chaintuneUITests.framework */; };
		5F6FB88B65C20F232C791958 /* Pods_chaintuneTests.framework in Frameworks */ = {isa = PBXBuildFile; fileRef = 9E847CE710EAF0C87DBA2C07 /* Pods_chaintuneTests.framework */; };
		C11526062384C12B00F107CD /* FirebaseSession.swift in Sources */ = {isa = PBXBuildFile; fileRef = C11526052384C12B00F107CD /* FirebaseSession.swift */; };
		C11526082384C27000F107CD /* User.swift in Sources */ = {isa = PBXBuildFile; fileRef = C11526072384C27000F107CD /* User.swift */; };
		C115260A2384C2E800F107CD /* Record.swift in Sources */ = {isa = PBXBuildFile; fileRef = C11526092384C2E800F107CD /* Record.swift */; };
		C13EB4F93C1F239777AE47DE /* Pods_chaintune.framework in Frameworks */ = {isa = PBXBuildFile; fileRef = 86682F4C4FA4DAF3D07DAE0B /* Pods_chaintune.framework */; };
		C173BE4C2373B943001876F4 /* GoogleService-Info.plist in Resources */ = {isa = PBXBuildFile; fileRef = C173BE4B2373B943001876F4 /* GoogleService-Info.plist */; };
		C198BA73236940AF00EA6692 /* AppDelegate.swift in Sources */ = {isa = PBXBuildFile; fileRef = C198BA72236940AF00EA6692 /* AppDelegate.swift */; };
		C198BA75236940AF00EA6692 /* SceneDelegate.swift in Sources */ = {isa = PBXBuildFile; fileRef = C198BA74236940AF00EA6692 /* SceneDelegate.swift */; };
		C198BA77236940AF00EA6692 /* ContentView.swift in Sources */ = {isa = PBXBuildFile; fileRef = C198BA76236940AF00EA6692 /* ContentView.swift */; };
		C198BA79236940B400EA6692 /* Assets.xcassets in Resources */ = {isa = PBXBuildFile; fileRef = C198BA78236940B400EA6692 /* Assets.xcassets */; };
		C198BA7C236940B400EA6692 /* Preview Assets.xcassets in Resources */ = {isa = PBXBuildFile; fileRef = C198BA7B236940B400EA6692 /* Preview Assets.xcassets */; };
		C198BA7F236940B400EA6692 /* LaunchScreen.storyboard in Resources */ = {isa = PBXBuildFile; fileRef = C198BA7D236940B400EA6692 /* LaunchScreen.storyboard */; };
		C198BA8A236940B400EA6692 /* chaintuneTests.swift in Sources */ = {isa = PBXBuildFile; fileRef = C198BA89236940B400EA6692 /* chaintuneTests.swift */; };
		C198BA95236940B400EA6692 /* chaintuneUITests.swift in Sources */ = {isa = PBXBuildFile; fileRef = C198BA94236940B400EA6692 /* chaintuneUITests.swift */; };
/* End PBXBuildFile section */

/* Begin PBXContainerItemProxy section */
		C198BA86236940B400EA6692 /* PBXContainerItemProxy */ = {
			isa = PBXContainerItemProxy;
			containerPortal = C198BA67236940AE00EA6692 /* Project object */;
			proxyType = 1;
			remoteGlobalIDString = C198BA6E236940AF00EA6692;
			remoteInfo = chaintune;
		};
		C198BA91236940B400EA6692 /* PBXContainerItemProxy */ = {
			isa = PBXContainerItemProxy;
			containerPortal = C198BA67236940AE00EA6692 /* Project object */;
			proxyType = 1;
			remoteGlobalIDString = C198BA6E236940AF00EA6692;
			remoteInfo = chaintune;
		};
/* End PBXContainerItemProxy section */

/* Begin PBXFileReference section */
		1AE5A9DD2D6DB1B50F8F476F /* Pods-chaintune.debug.xcconfig */ = {isa = PBXFileReference; includeInIndex = 1; lastKnownFileType = text.xcconfig; name = "Pods-chaintune.debug.xcconfig"; path = "Target Support Files/Pods-chaintune/Pods-chaintune.debug.xcconfig"; sourceTree = "<group>"; };
		1CC6FA7BEC43FCC341C7ECEF /* Pods-chaintune-chaintuneUITests.debug.xcconfig */ = {isa = PBXFileReference; includeInIndex = 1; lastKnownFileType = text.xcconfig; name = "Pods-chaintune-chaintuneUITests.debug.xcconfig"; path = "Target Support Files/Pods-chaintune-chaintuneUITests/Pods-chaintune-chaintuneUITests.debug.xcconfig"; sourceTree = "<group>"; };
		606B27139B11B7C80736A976 /* Pods_chaintune_chaintuneUITests.framework */ = {isa = PBXFileReference; explicitFileType = wrapper.framework; includeInIndex = 0; path = Pods_chaintune_chaintuneUITests.framework; sourceTree = BUILT_PRODUCTS_DIR; };
		6F87E65B9F16E5F3235DEDF9 /* Pods-chaintuneTests.debug.xcconfig */ = {isa = PBXFileReference; includeInIndex = 1; lastKnownFileType = text.xcconfig; name = "Pods-chaintuneTests.debug.xcconfig"; path = "Target Support Files/Pods-chaintuneTests/Pods-chaintuneTests.debug.xcconfig"; sourceTree = "<group>"; };
		86682F4C4FA4DAF3D07DAE0B /* Pods_chaintune.framework */ = {isa = PBXFileReference; explicitFileType = wrapper.framework; includeInIndex = 0; path = Pods_chaintune.framework; sourceTree = BUILT_PRODUCTS_DIR; };
		968268723EA5763A3D01C03C /* Pods-chaintune.release.xcconfig */ = {isa = PBXFileReference; includeInIndex = 1; lastKnownFileType = text.xcconfig; name = "Pods-chaintune.release.xcconfig"; path = "Target Support Files/Pods-chaintune/Pods-chaintune.release.xcconfig"; sourceTree = "<group>"; };
		9E847CE710EAF0C87DBA2C07 /* Pods_chaintuneTests.framework */ = {isa = PBXFileReference; explicitFileType = wrapper.framework; includeInIndex = 0; path = Pods_chaintuneTests.framework; sourceTree = BUILT_PRODUCTS_DIR; };
		C11526052384C12B00F107CD /* FirebaseSession.swift */ = {isa = PBXFileReference; lastKnownFileType = sourcecode.swift; path = FirebaseSession.swift; sourceTree = "<group>"; };
		C11526072384C27000F107CD /* User.swift */ = {isa = PBXFileReference; lastKnownFileType = sourcecode.swift; path = User.swift; sourceTree = "<group>"; };
		C11526092384C2E800F107CD /* Record.swift */ = {isa = PBXFileReference; lastKnownFileType = sourcecode.swift; path = Record.swift; sourceTree = "<group>"; };
		C173BE4B2373B943001876F4 /* GoogleService-Info.plist */ = {isa = PBXFileReference; fileEncoding = 4; lastKnownFileType = text.plist.xml; path = "GoogleService-Info.plist"; sourceTree = "<group>"; };
		C198BA6F236940AF00EA6692 /* chaintune.app */ = {isa = PBXFileReference; explicitFileType = wrapper.application; includeInIndex = 0; path = chaintune.app; sourceTree = BUILT_PRODUCTS_DIR; };
		C198BA72236940AF00EA6692 /* AppDelegate.swift */ = {isa = PBXFileReference; lastKnownFileType = sourcecode.swift; path = AppDelegate.swift; sourceTree = "<group>"; };
		C198BA74236940AF00EA6692 /* SceneDelegate.swift */ = {isa = PBXFileReference; lastKnownFileType = sourcecode.swift; path = SceneDelegate.swift; sourceTree = "<group>"; };
		C198BA76236940AF00EA6692 /* ContentView.swift */ = {isa = PBXFileReference; lastKnownFileType = sourcecode.swift; path = ContentView.swift; sourceTree = "<group>"; };
		C198BA78236940B400EA6692 /* Assets.xcassets */ = {isa = PBXFileReference; lastKnownFileType = folder.assetcatalog; path = Assets.xcassets; sourceTree = "<group>"; };
		C198BA7B236940B400EA6692 /* Preview Assets.xcassets */ = {isa = PBXFileReference; lastKnownFileType = folder.assetcatalog; path = "Preview Assets.xcassets"; sourceTree = "<group>"; };
		C198BA7E236940B400EA6692 /* Base */ = {isa = PBXFileReference; lastKnownFileType = file.storyboard; name = Base; path = Base.lproj/LaunchScreen.storyboard; sourceTree = "<group>"; };
		C198BA80236940B400EA6692 /* Info.plist */ = {isa = PBXFileReference; lastKnownFileType = text.plist.xml; path = Info.plist; sourceTree = "<group>"; };
		C198BA85236940B400EA6692 /* chaintuneTests.xctest */ = {isa = PBXFileReference; explicitFileType = wrapper.cfbundle; includeInIndex = 0; path = chaintuneTests.xctest; sourceTree = BUILT_PRODUCTS_DIR; };
		C198BA89236940B400EA6692 /* chaintuneTests.swift */ = {isa = PBXFileReference; lastKnownFileType = sourcecode.swift; path = chaintuneTests.swift; sourceTree = "<group>"; };
		C198BA8B236940B400EA6692 /* Info.plist */ = {isa = PBXFileReference; lastKnownFileType = text.plist.xml; path = Info.plist; sourceTree = "<group>"; };
		C198BA90236940B400EA6692 /* chaintuneUITests.xctest */ = {isa = PBXFileReference; explicitFileType = wrapper.cfbundle; includeInIndex = 0; path = chaintuneUITests.xctest; sourceTree = BUILT_PRODUCTS_DIR; };
		C198BA94236940B400EA6692 /* chaintuneUITests.swift */ = {isa = PBXFileReference; lastKnownFileType = sourcecode.swift; path = chaintuneUITests.swift; sourceTree = "<group>"; };
		C198BA96236940B400EA6692 /* Info.plist */ = {isa = PBXFileReference; lastKnownFileType = text.plist.xml; path = Info.plist; sourceTree = "<group>"; };
		DB7F3C451E7C9371C0DC5727 /* Pods-chaintune-chaintuneUITests.release.xcconfig */ = {isa = PBXFileReference; includeInIndex = 1; lastKnownFileType = text.xcconfig; name = "Pods-chaintune-chaintuneUITests.release.xcconfig"; path = "Target Support Files/Pods-chaintune-chaintuneUITests/Pods-chaintune-chaintuneUITests.release.xcconfig"; sourceTree = "<group>"; };
		E938D155390E5127659C65CC /* Pods-chaintuneTests.release.xcconfig */ = {isa = PBXFileReference; includeInIndex = 1; lastKnownFileType = text.xcconfig; name = "Pods-chaintuneTests.release.xcconfig"; path = "Target Support Files/Pods-chaintuneTests/Pods-chaintuneTests.release.xcconfig"; sourceTree = "<group>"; };
/* End PBXFileReference section */

/* Begin PBXFrameworksBuildPhase section */
		C198BA6C236940AF00EA6692 /* Frameworks */ = {
			isa = PBXFrameworksBuildPhase;
			buildActionMask = 2147483647;
			files = (
				C13EB4F93C1F239777AE47DE /* Pods_chaintune.framework in Frameworks */,
			);
			runOnlyForDeploymentPostprocessing = 0;
		};
		C198BA82236940B400EA6692 /* Frameworks */ = {
			isa = PBXFrameworksBuildPhase;
			buildActionMask = 2147483647;
			files = (
				5F6FB88B65C20F232C791958 /* Pods_chaintuneTests.framework in Frameworks */,
			);
			runOnlyForDeploymentPostprocessing = 0;
		};
		C198BA8D236940B400EA6692 /* Frameworks */ = {
			isa = PBXFrameworksBuildPhase;
			buildActionMask = 2147483647;
			files = (
				4B70030812BA333497DCB9FD /* Pods_chaintune_chaintuneUITests.framework in Frameworks */,
			);
			runOnlyForDeploymentPostprocessing = 0;
		};
/* End PBXFrameworksBuildPhase section */

/* Begin PBXGroup section */
		3894E0C65F0BE1B643828C3D /* Frameworks */ = {
			isa = PBXGroup;
			children = (
				86682F4C4FA4DAF3D07DAE0B /* Pods_chaintune.framework */,
				606B27139B11B7C80736A976 /* Pods_chaintune_chaintuneUITests.framework */,
				9E847CE710EAF0C87DBA2C07 /* Pods_chaintuneTests.framework */,
			);
			name = Frameworks;
			sourceTree = "<group>";
		};
		43E1EC95D5E94DEB23488F18 /* Pods */ = {
			isa = PBXGroup;
			children = (
				1AE5A9DD2D6DB1B50F8F476F /* Pods-chaintune.debug.xcconfig */,
				968268723EA5763A3D01C03C /* Pods-chaintune.release.xcconfig */,
				1CC6FA7BEC43FCC341C7ECEF /* Pods-chaintune-chaintuneUITests.debug.xcconfig */,
				DB7F3C451E7C9371C0DC5727 /* Pods-chaintune-chaintuneUITests.release.xcconfig */,
				6F87E65B9F16E5F3235DEDF9 /* Pods-chaintuneTests.debug.xcconfig */,
				E938D155390E5127659C65CC /* Pods-chaintuneTests.release.xcconfig */,
			);
			path = Pods;
			sourceTree = "<group>";
		};
		C198BA66236940AE00EA6692 = {
			isa = PBXGroup;
			children = (
				C198BA71236940AF00EA6692 /* chaintune */,
				C198BA88236940B400EA6692 /* chaintuneTests */,
				C198BA93236940B400EA6692 /* chaintuneUITests */,
				C198BA70236940AF00EA6692 /* Products */,
				43E1EC95D5E94DEB23488F18 /* Pods */,
				3894E0C65F0BE1B643828C3D /* Frameworks */,
			);
			sourceTree = "<group>";
		};
		C198BA70236940AF00EA6692 /* Products */ = {
			isa = PBXGroup;
			children = (
				C198BA6F236940AF00EA6692 /* chaintune.app */,
				C198BA85236940B400EA6692 /* chaintuneTests.xctest */,
				C198BA90236940B400EA6692 /* chaintuneUITests.xctest */,
			);
			name = Products;
			sourceTree = "<group>";
		};
		C198BA71236940AF00EA6692 /* chaintune */ = {
			isa = PBXGroup;
			children = (
				C198BA72236940AF00EA6692 /* AppDelegate.swift */,
				C198BA74236940AF00EA6692 /* SceneDelegate.swift */,
				C198BA76236940AF00EA6692 /* ContentView.swift */,
				C198BA78236940B400EA6692 /* Assets.xcassets */,
				C198BA7D236940B400EA6692 /* LaunchScreen.storyboard */,
				C198BA80236940B400EA6692 /* Info.plist */,
				C173BE4B2373B943001876F4 /* GoogleService-Info.plist */,
				C198BA7A236940B400EA6692 /* Preview Content */,
				C11526052384C12B00F107CD /* FirebaseSession.swift */,
				C11526072384C27000F107CD /* User.swift */,
				C11526092384C2E800F107CD /* Record.swift */,
			);
			path = chaintune;
			sourceTree = "<group>";
		};
		C198BA7A236940B400EA6692 /* Preview Content */ = {
			isa = PBXGroup;
			children = (
				C198BA7B236940B400EA6692 /* Preview Assets.xcassets */,
			);
			path = "Preview Content";
			sourceTree = "<group>";
		};
		C198BA88236940B400EA6692 /* chaintuneTests */ = {
			isa = PBXGroup;
			children = (
				C198BA89236940B400EA6692 /* chaintuneTests.swift */,
				C198BA8B236940B400EA6692 /* Info.plist */,
			);
			path = chaintuneTests;
			sourceTree = "<group>";
		};
		C198BA93236940B400EA6692 /* chaintuneUITests */ = {
			isa = PBXGroup;
			children = (
				C198BA94236940B400EA6692 /* chaintuneUITests.swift */,
				C198BA96236940B400EA6692 /* Info.plist */,
			);
			path = chaintuneUITests;
			sourceTree = "<group>";
		};
/* End PBXGroup section */

/* Begin PBXNativeTarget section */
		C198BA6E236940AF00EA6692 /* chaintune */ = {
			isa = PBXNativeTarget;
			buildConfigurationList = C198BA99236940B400EA6692 /* Build configuration list for PBXNativeTarget "chaintune" */;
			buildPhases = (
				20B07C05307D2923D7562AD3 /* [CP] Check Pods Manifest.lock */,
				C198BA6B236940AF00EA6692 /* Sources */,
				C198BA6C236940AF00EA6692 /* Frameworks */,
				C198BA6D236940AF00EA6692 /* Resources */,
				B60A2B548D5141EAC5E0ABCB /* [CP] Embed Pods Frameworks */,
				0B79BC1DEF993F9DBAF10E6D /* [CP] Copy Pods Resources */,
			);
			buildRules = (
			);
			dependencies = (
			);
			name = chaintune;
			productName = chaintune;
			productReference = C198BA6F236940AF00EA6692 /* chaintune.app */;
			productType = "com.apple.product-type.application";
		};
		C198BA84236940B400EA6692 /* chaintuneTests */ = {
			isa = PBXNativeTarget;
			buildConfigurationList = C198BA9C236940B400EA6692 /* Build configuration list for PBXNativeTarget "chaintuneTests" */;
			buildPhases = (
				EDA6F0DFF36981A60AFF7DED /* [CP] Check Pods Manifest.lock */,
				C198BA81236940B400EA6692 /* Sources */,
				C198BA82236940B400EA6692 /* Frameworks */,
				C198BA83236940B400EA6692 /* Resources */,
			);
			buildRules = (
			);
			dependencies = (
				C198BA87236940B400EA6692 /* PBXTargetDependency */,
			);
			name = chaintuneTests;
			productName = chaintuneTests;
			productReference = C198BA85236940B400EA6692 /* chaintuneTests.xctest */;
			productType = "com.apple.product-type.bundle.unit-test";
		};
		C198BA8F236940B400EA6692 /* chaintuneUITests */ = {
			isa = PBXNativeTarget;
			buildConfigurationList = C198BA9F236940B400EA6692 /* Build configuration list for PBXNativeTarget "chaintuneUITests" */;
			buildPhases = (
				DC75F34432F80509781BA777 /* [CP] Check Pods Manifest.lock */,
				C198BA8C236940B400EA6692 /* Sources */,
				C198BA8D236940B400EA6692 /* Frameworks */,
				C198BA8E236940B400EA6692 /* Resources */,
				B21583C79EB29485A6ECD1F7 /* [CP] Embed Pods Frameworks */,
				FE876C699EAD5534080261C3 /* [CP] Copy Pods Resources */,
			);
			buildRules = (
			);
			dependencies = (
				C198BA92236940B400EA6692 /* PBXTargetDependency */,
			);
			name = chaintuneUITests;
			productName = chaintuneUITests;
			productReference = C198BA90236940B400EA6692 /* chaintuneUITests.xctest */;
			productType = "com.apple.product-type.bundle.ui-testing";
		};
/* End PBXNativeTarget section */

/* Begin PBXProject section */
		C198BA67236940AE00EA6692 /* Project object */ = {
			isa = PBXProject;
			attributes = {
				LastSwiftUpdateCheck = 1110;
				LastUpgradeCheck = 1110;
				ORGANIZATIONNAME = "Iris Manriquez";
				TargetAttributes = {
					C198BA6E236940AF00EA6692 = {
						CreatedOnToolsVersion = 11.1;
					};
					C198BA84236940B400EA6692 = {
						CreatedOnToolsVersion = 11.1;
						TestTargetID = C198BA6E236940AF00EA6692;
					};
					C198BA8F236940B400EA6692 = {
						CreatedOnToolsVersion = 11.1;
						TestTargetID = C198BA6E236940AF00EA6692;
					};
				};
			};
			buildConfigurationList = C198BA6A236940AE00EA6692 /* Build configuration list for PBXProject "chaintune" */;
			compatibilityVersion = "Xcode 9.3";
			developmentRegion = en;
			hasScannedForEncodings = 0;
			knownRegions = (
				en,
				Base,
			);
			mainGroup = C198BA66236940AE00EA6692;
			productRefGroup = C198BA70236940AF00EA6692 /* Products */;
			projectDirPath = "";
			projectRoot = "";
			targets = (
				C198BA6E236940AF00EA6692 /* chaintune */,
				C198BA84236940B400EA6692 /* chaintuneTests */,
				C198BA8F236940B400EA6692 /* chaintuneUITests */,
			);
		};
/* End PBXProject section */

/* Begin PBXResourcesBuildPhase section */
		C198BA6D236940AF00EA6692 /* Resources */ = {
			isa = PBXResourcesBuildPhase;
			buildActionMask = 2147483647;
			files = (
				C198BA7F236940B400EA6692 /* LaunchScreen.storyboard in Resources */,
				C173BE4C2373B943001876F4 /* GoogleService-Info.plist in Resources */,
				C198BA7C236940B400EA6692 /* Preview Assets.xcassets in Resources */,
				C198BA79236940B400EA6692 /* Assets.xcassets in Resources */,
			);
			runOnlyForDeploymentPostprocessing = 0;
		};
		C198BA83236940B400EA6692 /* Resources */ = {
			isa = PBXResourcesBuildPhase;
			buildActionMask = 2147483647;
			files = (
			);
			runOnlyForDeploymentPostprocessing = 0;
		};
		C198BA8E236940B400EA6692 /* Resources */ = {
			isa = PBXResourcesBuildPhase;
			buildActionMask = 2147483647;
			files = (
			);
			runOnlyForDeploymentPostprocessing = 0;
		};
/* End PBXResourcesBuildPhase section */

/* Begin PBXShellScriptBuildPhase section */
		0B79BC1DEF993F9DBAF10E6D /* [CP] Copy Pods Resources */ = {
			isa = PBXShellScriptBuildPhase;
			buildActionMask = 2147483647;
			files = (
			);
			inputFileListPaths = (
				"${PODS_ROOT}/Target Support Files/Pods-chaintune/Pods-chaintune-resources-${CONFIGURATION}-input-files.xcfilelist",
			);
			name = "[CP] Copy Pods Resources";
			outputFileListPaths = (
				"${PODS_ROOT}/Target Support Files/Pods-chaintune/Pods-chaintune-resources-${CONFIGURATION}-output-files.xcfilelist",
			);
			runOnlyForDeploymentPostprocessing = 0;
			shellPath = /bin/sh;
			shellScript = "\"${PODS_ROOT}/Target Support Files/Pods-chaintune/Pods-chaintune-resources.sh\"\n";
			showEnvVarsInLog = 0;
		};
		20B07C05307D2923D7562AD3 /* [CP] Check Pods Manifest.lock */ = {
			isa = PBXShellScriptBuildPhase;
			buildActionMask = 2147483647;
			files = (
			);
			inputFileListPaths = (
			);
			inputPaths = (
				"${PODS_PODFILE_DIR_PATH}/Podfile.lock",
				"${PODS_ROOT}/Manifest.lock",
			);
			name = "[CP] Check Pods Manifest.lock";
			outputFileListPaths = (
			);
			outputPaths = (
				"$(DERIVED_FILE_DIR)/Pods-chaintune-checkManifestLockResult.txt",
			);
			runOnlyForDeploymentPostprocessing = 0;
			shellPath = /bin/sh;
			shellScript = "diff \"${PODS_PODFILE_DIR_PATH}/Podfile.lock\" \"${PODS_ROOT}/Manifest.lock\" > /dev/null\nif [ $? != 0 ] ; then\n    # print error to STDERR\n    echo \"error: The sandbox is not in sync with the Podfile.lock. Run 'pod install' or update your CocoaPods installation.\" >&2\n    exit 1\nfi\n# This output is used by Xcode 'outputs' to avoid re-running this script phase.\necho \"SUCCESS\" > \"${SCRIPT_OUTPUT_FILE_0}\"\n";
			showEnvVarsInLog = 0;
		};
		B21583C79EB29485A6ECD1F7 /* [CP] Embed Pods Frameworks */ = {
			isa = PBXShellScriptBuildPhase;
			buildActionMask = 2147483647;
			files = (
			);
			inputFileListPaths = (
				"${PODS_ROOT}/Target Support Files/Pods-chaintune-chaintuneUITests/Pods-chaintune-chaintuneUITests-frameworks-${CONFIGURATION}-input-files.xcfilelist",
			);
			name = "[CP] Embed Pods Frameworks";
			outputFileListPaths = (
				"${PODS_ROOT}/Target Support Files/Pods-chaintune-chaintuneUITests/Pods-chaintune-chaintuneUITests-frameworks-${CONFIGURATION}-output-files.xcfilelist",
			);
			runOnlyForDeploymentPostprocessing = 0;
			shellPath = /bin/sh;
			shellScript = "\"${PODS_ROOT}/Target Support Files/Pods-chaintune-chaintuneUITests/Pods-chaintune-chaintuneUITests-frameworks.sh\"\n";
			showEnvVarsInLog = 0;
		};
		B60A2B548D5141EAC5E0ABCB /* [CP] Embed Pods Frameworks */ = {
			isa = PBXShellScriptBuildPhase;
			buildActionMask = 2147483647;
			files = (
			);
			inputFileListPaths = (
				"${PODS_ROOT}/Target Support Files/Pods-chaintune/Pods-chaintune-frameworks-${CONFIGURATION}-input-files.xcfilelist",
			);
			name = "[CP] Embed Pods Frameworks";
			outputFileListPaths = (
				"${PODS_ROOT}/Target Support Files/Pods-chaintune/Pods-chaintune-frameworks-${CONFIGURATION}-output-files.xcfilelist",
			);
			runOnlyForDeploymentPostprocessing = 0;
			shellPath = /bin/sh;
			shellScript = "\"${PODS_ROOT}/Target Support Files/Pods-chaintune/Pods-chaintune-frameworks.sh\"\n";
			showEnvVarsInLog = 0;
		};
		DC75F34432F80509781BA777 /* [CP] Check Pods Manifest.lock */ = {
			isa = PBXShellScriptBuildPhase;
			buildActionMask = 2147483647;
			files = (
			);
			inputFileListPaths = (
			);
			inputPaths = (
				"${PODS_PODFILE_DIR_PATH}/Podfile.lock",
				"${PODS_ROOT}/Manifest.lock",
			);
			name = "[CP] Check Pods Manifest.lock";
			outputFileListPaths = (
			);
			outputPaths = (
				"$(DERIVED_FILE_DIR)/Pods-chaintune-chaintuneUITests-checkManifestLockResult.txt",
			);
			runOnlyForDeploymentPostprocessing = 0;
			shellPath = /bin/sh;
			shellScript = "diff \"${PODS_PODFILE_DIR_PATH}/Podfile.lock\" \"${PODS_ROOT}/Manifest.lock\" > /dev/null\nif [ $? != 0 ] ; then\n    # print error to STDERR\n    echo \"error: The sandbox is not in sync with the Podfile.lock. Run 'pod install' or update your CocoaPods installation.\" >&2\n    exit 1\nfi\n# This output is used by Xcode 'outputs' to avoid re-running this script phase.\necho \"SUCCESS\" > \"${SCRIPT_OUTPUT_FILE_0}\"\n";
			showEnvVarsInLog = 0;
		};
		EDA6F0DFF36981A60AFF7DED /* [CP] Check Pods Manifest.lock */ = {
			isa = PBXShellScriptBuildPhase;
			buildActionMask = 2147483647;
			files = (
			);
			inputFileListPaths = (
			);
			inputPaths = (
				"${PODS_PODFILE_DIR_PATH}/Podfile.lock",
				"${PODS_ROOT}/Manifest.lock",
			);
			name = "[CP] Check Pods Manifest.lock";
			outputFileListPaths = (
			);
			outputPaths = (
				"$(DERIVED_FILE_DIR)/Pods-chaintuneTests-checkManifestLockResult.txt",
			);
			runOnlyForDeploymentPostprocessing = 0;
			shellPath = /bin/sh;
			shellScript = "diff \"${PODS_PODFILE_DIR_PATH}/Podfile.lock\" \"${PODS_ROOT}/Manifest.lock\" > /dev/null\nif [ $? != 0 ] ; then\n    # print error to STDERR\n    echo \"error: The sandbox is not in sync with the Podfile.lock. Run 'pod install' or update your CocoaPods installation.\" >&2\n    exit 1\nfi\n# This output is used by Xcode 'outputs' to avoid re-running this script phase.\necho \"SUCCESS\" > \"${SCRIPT_OUTPUT_FILE_0}\"\n";
			showEnvVarsInLog = 0;
		};
		FE876C699EAD5534080261C3 /* [CP] Copy Pods Resources */ = {
			isa = PBXShellScriptBuildPhase;
			buildActionMask = 2147483647;
			files = (
			);
			inputFileListPaths = (
				"${PODS_ROOT}/Target Support Files/Pods-chaintune-chaintuneUITests/Pods-chaintune-chaintuneUITests-resources-${CONFIGURATION}-input-files.xcfilelist",
			);
			name = "[CP] Copy Pods Resources";
			outputFileListPaths = (
				"${PODS_ROOT}/Target Support Files/Pods-chaintune-chaintuneUITests/Pods-chaintune-chaintuneUITests-resources-${CONFIGURATION}-output-files.xcfilelist",
			);
			runOnlyForDeploymentPostprocessing = 0;
			shellPath = /bin/sh;
			shellScript = "\"${PODS_ROOT}/Target Support Files/Pods-chaintune-chaintuneUITests/Pods-chaintune-chaintuneUITests-resources.sh\"\n";
			showEnvVarsInLog = 0;
		};
/* End PBXShellScriptBuildPhase section */

/* Begin PBXSourcesBuildPhase section */
		C198BA6B236940AF00EA6692 /* Sources */ = {
			isa = PBXSourcesBuildPhase;
			buildActionMask = 2147483647;
			files = (
				C198BA73236940AF00EA6692 /* AppDelegate.swift in Sources */,
				C11526062384C12B00F107CD /* FirebaseSession.swift in Sources */,
				C115260A2384C2E800F107CD /* Record.swift in Sources */,
				C198BA75236940AF00EA6692 /* SceneDelegate.swift in Sources */,
				C11526082384C27000F107CD /* User.swift in Sources */,
				C198BA77236940AF00EA6692 /* ContentView.swift in Sources */,
			);
			runOnlyForDeploymentPostprocessing = 0;
		};
		C198BA81236940B400EA6692 /* Sources */ = {
			isa = PBXSourcesBuildPhase;
			buildActionMask = 2147483647;
			files = (
				C198BA8A236940B400EA6692 /* chaintuneTests.swift in Sources */,
			);
			runOnlyForDeploymentPostprocessing = 0;
		};
		C198BA8C236940B400EA6692 /* Sources */ = {
			isa = PBXSourcesBuildPhase;
			buildActionMask = 2147483647;
			files = (
				C198BA95236940B400EA6692 /* chaintuneUITests.swift in Sources */,
			);
			runOnlyForDeploymentPostprocessing = 0;
		};
/* End PBXSourcesBuildPhase section */

/* Begin PBXTargetDependency section */
		C198BA87236940B400EA6692 /* PBXTargetDependency */ = {
			isa = PBXTargetDependency;
			target = C198BA6E236940AF00EA6692 /* chaintune */;
			targetProxy = C198BA86236940B400EA6692 /* PBXContainerItemProxy */;
		};
		C198BA92236940B400EA6692 /* PBXTargetDependency */ = {
			isa = PBXTargetDependency;
			target = C198BA6E236940AF00EA6692 /* chaintune */;
			targetProxy = C198BA91236940B400EA6692 /* PBXContainerItemProxy */;
		};
/* End PBXTargetDependency section */

/* Begin PBXVariantGroup section */
		C198BA7D236940B400EA6692 /* LaunchScreen.storyboard */ = {
			isa = PBXVariantGroup;
			children = (
				C198BA7E236940B400EA6692 /* Base */,
			);
			name = LaunchScreen.storyboard;
			sourceTree = "<group>";
		};
/* End PBXVariantGroup section */

/* Begin XCBuildConfiguration section */
		C198BA97236940B400EA6692 /* Debug */ = {
			isa = XCBuildConfiguration;
			buildSettings = {
				ALWAYS_SEARCH_USER_PATHS = NO;
				CLANG_ANALYZER_NONNULL = YES;
				CLANG_ANALYZER_NUMBER_OBJECT_CONVERSION = YES_AGGRESSIVE;
				CLANG_CXX_LANGUAGE_STANDARD = "gnu++14";
				CLANG_CXX_LIBRARY = "libc++";
				CLANG_ENABLE_MODULES = YES;
				CLANG_ENABLE_OBJC_ARC = YES;
				CLANG_ENABLE_OBJC_WEAK = YES;
				CLANG_WARN_BLOCK_CAPTURE_AUTORELEASING = YES;
				CLANG_WARN_BOOL_CONVERSION = YES;
				CLANG_WARN_COMMA = YES;
				CLANG_WARN_CONSTANT_CONVERSION = YES;
				CLANG_WARN_DEPRECATED_OBJC_IMPLEMENTATIONS = YES;
				CLANG_WARN_DIRECT_OBJC_ISA_USAGE = YES_ERROR;
				CLANG_WARN_DOCUMENTATION_COMMENTS = YES;
				CLANG_WARN_EMPTY_BODY = YES;
				CLANG_WARN_ENUM_CONVERSION = YES;
				CLANG_WARN_INFINITE_RECURSION = YES;
				CLANG_WARN_INT_CONVERSION = YES;
				CLANG_WARN_NON_LITERAL_NULL_CONVERSION = YES;
				CLANG_WARN_OBJC_IMPLICIT_RETAIN_SELF = YES;
				CLANG_WARN_OBJC_LITERAL_CONVERSION = YES;
				CLANG_WARN_OBJC_ROOT_CLASS = YES_ERROR;
				CLANG_WARN_RANGE_LOOP_ANALYSIS = YES;
				CLANG_WARN_STRICT_PROTOTYPES = YES;
				CLANG_WARN_SUSPICIOUS_MOVE = YES;
				CLANG_WARN_UNGUARDED_AVAILABILITY = YES_AGGRESSIVE;
				CLANG_WARN_UNREACHABLE_CODE = YES;
				CLANG_WARN__DUPLICATE_METHOD_MATCH = YES;
				COPY_PHASE_STRIP = NO;
				DEBUG_INFORMATION_FORMAT = dwarf;
				ENABLE_STRICT_OBJC_MSGSEND = YES;
				ENABLE_TESTABILITY = YES;
				GCC_C_LANGUAGE_STANDARD = gnu11;
				GCC_DYNAMIC_NO_PIC = NO;
				GCC_NO_COMMON_BLOCKS = YES;
				GCC_OPTIMIZATION_LEVEL = 0;
				GCC_PREPROCESSOR_DEFINITIONS = (
					"DEBUG=1",
					"$(inherited)",
				);
				GCC_WARN_64_TO_32_BIT_CONVERSION = YES;
				GCC_WARN_ABOUT_RETURN_TYPE = YES_ERROR;
				GCC_WARN_UNDECLARED_SELECTOR = YES;
				GCC_WARN_UNINITIALIZED_AUTOS = YES_AGGRESSIVE;
				GCC_WARN_UNUSED_FUNCTION = YES;
				GCC_WARN_UNUSED_VARIABLE = YES;
				IPHONEOS_DEPLOYMENT_TARGET = 13.1;
				MTL_ENABLE_DEBUG_INFO = INCLUDE_SOURCE;
				MTL_FAST_MATH = YES;
				ONLY_ACTIVE_ARCH = YES;
				SDKROOT = iphoneos;
				SWIFT_ACTIVE_COMPILATION_CONDITIONS = DEBUG;
				SWIFT_OPTIMIZATION_LEVEL = "-Onone";
			};
			name = Debug;
		};
		C198BA98236940B400EA6692 /* Release */ = {
			isa = XCBuildConfiguration;
			buildSettings = {
				ALWAYS_SEARCH_USER_PATHS = NO;
				CLANG_ANALYZER_NONNULL = YES;
				CLANG_ANALYZER_NUMBER_OBJECT_CONVERSION = YES_AGGRESSIVE;
				CLANG_CXX_LANGUAGE_STANDARD = "gnu++14";
				CLANG_CXX_LIBRARY = "libc++";
				CLANG_ENABLE_MODULES = YES;
				CLANG_ENABLE_OBJC_ARC = YES;
				CLANG_ENABLE_OBJC_WEAK = YES;
				CLANG_WARN_BLOCK_CAPTURE_AUTORELEASING = YES;
				CLANG_WARN_BOOL_CONVERSION = YES;
				CLANG_WARN_COMMA = YES;
				CLANG_WARN_CONSTANT_CONVERSION = YES;
				CLANG_WARN_DEPRECATED_OBJC_IMPLEMENTATIONS = YES;
				CLANG_WARN_DIRECT_OBJC_ISA_USAGE = YES_ERROR;
				CLANG_WARN_DOCUMENTATION_COMMENTS = YES;
				CLANG_WARN_EMPTY_BODY = YES;
				CLANG_WARN_ENUM_CONVERSION = YES;
				CLANG_WARN_INFINITE_RECURSION = YES;
				CLANG_WARN_INT_CONVERSION = YES;
				CLANG_WARN_NON_LITERAL_NULL_CONVERSION = YES;
				CLANG_WARN_OBJC_IMPLICIT_RETAIN_SELF = YES;
				CLANG_WARN_OBJC_LITERAL_CONVERSION = YES;
				CLANG_WARN_OBJC_ROOT_CLASS = YES_ERROR;
				CLANG_WARN_RANGE_LOOP_ANALYSIS = YES;
				CLANG_WARN_STRICT_PROTOTYPES = YES;
				CLANG_WARN_SUSPICIOUS_MOVE = YES;
				CLANG_WARN_UNGUARDED_AVAILABILITY = YES_AGGRESSIVE;
				CLANG_WARN_UNREACHABLE_CODE = YES;
				CLANG_WARN__DUPLICATE_METHOD_MATCH = YES;
				COPY_PHASE_STRIP = NO;
				DEBUG_INFORMATION_FORMAT = "dwarf-with-dsym";
				ENABLE_NS_ASSERTIONS = NO;
				ENABLE_STRICT_OBJC_MSGSEND = YES;
				GCC_C_LANGUAGE_STANDARD = gnu11;
				GCC_NO_COMMON_BLOCKS = YES;
				GCC_WARN_64_TO_32_BIT_CONVERSION = YES;
				GCC_WARN_ABOUT_RETURN_TYPE = YES_ERROR;
				GCC_WARN_UNDECLARED_SELECTOR = YES;
				GCC_WARN_UNINITIALIZED_AUTOS = YES_AGGRESSIVE;
				GCC_WARN_UNUSED_FUNCTION = YES;
				GCC_WARN_UNUSED_VARIABLE = YES;
				IPHONEOS_DEPLOYMENT_TARGET = 13.1;
				MTL_ENABLE_DEBUG_INFO = NO;
				MTL_FAST_MATH = YES;
				SDKROOT = iphoneos;
				SWIFT_COMPILATION_MODE = wholemodule;
				SWIFT_OPTIMIZATION_LEVEL = "-O";
				VALIDATE_PRODUCT = YES;
			};
			name = Release;
		};
		C198BA9A236940B400EA6692 /* Debug */ = {
			isa = XCBuildConfiguration;
			baseConfigurationReference = 1AE5A9DD2D6DB1B50F8F476F /* Pods-chaintune.debug.xcconfig */;
			buildSettings = {
				ASSETCATALOG_COMPILER_APPICON_NAME = AppIcon;
				CODE_SIGN_STYLE = Automatic;
				DEVELOPMENT_ASSET_PATHS = "\"chaintune/Preview Content\"";
				ENABLE_PREVIEWS = YES;
				INFOPLIST_FILE = chaintune/Info.plist;
				LD_RUNPATH_SEARCH_PATHS = (
					"$(inherited)",
					"@executable_path/Frameworks",
				);
				PRODUCT_BUNDLE_IDENTIFIER = csumb.chaintune;
				PRODUCT_NAME = "$(TARGET_NAME)";
				SWIFT_VERSION = 5.0;
				TARGETED_DEVICE_FAMILY = "1,2";
			};
			name = Debug;
		};
		C198BA9B236940B400EA6692 /* Release */ = {
			isa = XCBuildConfiguration;
			baseConfigurationReference = 968268723EA5763A3D01C03C /* Pods-chaintune.release.xcconfig */;
			buildSettings = {
				ASSETCATALOG_COMPILER_APPICON_NAME = AppIcon;
				CODE_SIGN_STYLE = Automatic;
				DEVELOPMENT_ASSET_PATHS = "\"chaintune/Preview Content\"";
				ENABLE_PREVIEWS = YES;
				INFOPLIST_FILE = chaintune/Info.plist;
				LD_RUNPATH_SEARCH_PATHS = (
					"$(inherited)",
					"@executable_path/Frameworks",
				);
				PRODUCT_BUNDLE_IDENTIFIER = csumb.chaintune;
				PRODUCT_NAME = "$(TARGET_NAME)";
				SWIFT_VERSION = 5.0;
				TARGETED_DEVICE_FAMILY = "1,2";
			};
			name = Release;
		};
		C198BA9D236940B400EA6692 /* Debug */ = {
			isa = XCBuildConfiguration;
			baseConfigurationReference = 6F87E65B9F16E5F3235DEDF9 /* Pods-chaintuneTests.debug.xcconfig */;
			buildSettings = {
				ALWAYS_EMBED_SWIFT_STANDARD_LIBRARIES = YES;
				BUNDLE_LOADER = "$(TEST_HOST)";
				CODE_SIGN_STYLE = Automatic;
				INFOPLIST_FILE = chaintuneTests/Info.plist;
				IPHONEOS_DEPLOYMENT_TARGET = 13.1;
				LD_RUNPATH_SEARCH_PATHS = (
					"$(inherited)",
					"@executable_path/Frameworks",
					"@loader_path/Frameworks",
				);
				PRODUCT_BUNDLE_IDENTIFIER = csumb.chaintuneTests;
				PRODUCT_NAME = "$(TARGET_NAME)";
				SWIFT_VERSION = 5.0;
				TARGETED_DEVICE_FAMILY = "1,2";
				TEST_HOST = "$(BUILT_PRODUCTS_DIR)/chaintune.app/chaintune";
			};
			name = Debug;
		};
		C198BA9E236940B400EA6692 /* Release */ = {
			isa = XCBuildConfiguration;
			baseConfigurationReference = E938D155390E5127659C65CC /* Pods-chaintuneTests.release.xcconfig */;
			buildSettings = {
				ALWAYS_EMBED_SWIFT_STANDARD_LIBRARIES = YES;
				BUNDLE_LOADER = "$(TEST_HOST)";
				CODE_SIGN_STYLE = Automatic;
				INFOPLIST_FILE = chaintuneTests/Info.plist;
				IPHONEOS_DEPLOYMENT_TARGET = 13.1;
				LD_RUNPATH_SEARCH_PATHS = (
					"$(inherited)",
					"@executable_path/Frameworks",
					"@loader_path/Frameworks",
				);
				PRODUCT_BUNDLE_IDENTIFIER = csumb.chaintuneTests;
				PRODUCT_NAME = "$(TARGET_NAME)";
				SWIFT_VERSION = 5.0;
				TARGETED_DEVICE_FAMILY = "1,2";
				TEST_HOST = "$(BUILT_PRODUCTS_DIR)/chaintune.app/chaintune";
			};
			name = Release;
		};
		C198BAA0236940B400EA6692 /* Debug */ = {
			isa = XCBuildConfiguration;
			baseConfigurationReference = 1CC6FA7BEC43FCC341C7ECEF /* Pods-chaintune-chaintuneUITests.debug.xcconfig */;
			buildSettings = {
				ALWAYS_EMBED_SWIFT_STANDARD_LIBRARIES = YES;
				CODE_SIGN_STYLE = Automatic;
				INFOPLIST_FILE = chaintuneUITests/Info.plist;
				LD_RUNPATH_SEARCH_PATHS = (
					"$(inherited)",
					"@executable_path/Frameworks",
					"@loader_path/Frameworks",
				);
				PRODUCT_BUNDLE_IDENTIFIER = csumb.chaintuneUITests;
				PRODUCT_NAME = "$(TARGET_NAME)";
				SWIFT_VERSION = 5.0;
				TARGETED_DEVICE_FAMILY = "1,2";
				TEST_TARGET_NAME = chaintune;
			};
			name = Debug;
		};
		C198BAA1236940B400EA6692 /* Release */ = {
			isa = XCBuildConfiguration;
			baseConfigurationReference = DB7F3C451E7C9371C0DC5727 /* Pods-chaintune-chaintuneUITests.release.xcconfig */;
			buildSettings = {
				ALWAYS_EMBED_SWIFT_STANDARD_LIBRARIES = YES;
				CODE_SIGN_STYLE = Automatic;
				INFOPLIST_FILE = chaintuneUITests/Info.plist;
				LD_RUNPATH_SEARCH_PATHS = (
					"$(inherited)",
					"@executable_path/Frameworks",
					"@loader_path/Frameworks",
				);
				PRODUCT_BUNDLE_IDENTIFIER = csumb.chaintuneUITests;
				PRODUCT_NAME = "$(TARGET_NAME)";
				SWIFT_VERSION = 5.0;
				TARGETED_DEVICE_FAMILY = "1,2";
				TEST_TARGET_NAME = chaintune;
			};
			name = Release;
		};
/* End XCBuildConfiguration section */

/* Begin XCConfigurationList section */
		C198BA6A236940AE00EA6692 /* Build configuration list for PBXProject "chaintune" */ = {
			isa = XCConfigurationList;
			buildConfigurations = (
				C198BA97236940B400EA6692 /* Debug */,
				C198BA98236940B400EA6692 /* Release */,
			);
			defaultConfigurationIsVisible = 0;
			defaultConfigurationName = Release;
		};
		C198BA99236940B400EA6692 /* Build configuration list for PBXNativeTarget "chaintune" */ = {
			isa = XCConfigurationList;
			buildConfigurations = (
				C198BA9A236940B400EA6692 /* Debug */,
				C198BA9B236940B400EA6692 /* Release */,
			);
			defaultConfigurationIsVisible = 0;
			defaultConfigurationName = Release;
		};
		C198BA9C236940B400EA6692 /* Build configuration list for PBXNativeTarget "chaintuneTests" */ = {
			isa = XCConfigurationList;
			buildConfigurations = (
				C198BA9D236940B400EA6692 /* Debug */,
				C198BA9E236940B400EA6692 /* Release */,
			);
			defaultConfigurationIsVisible = 0;
			defaultConfigurationName = Release;
		};
		C198BA9F236940B400EA6692 /* Build configuration list for PBXNativeTarget "chaintuneUITests" */ = {
			isa = XCConfigurationList;
			buildConfigurations = (
				C198BAA0236940B400EA6692 /* Debug */,
				C198BAA1236940B400EA6692 /* Release */,
			);
			defaultConfigurationIsVisible = 0;
			defaultConfigurationName = Release;
		};
/* End XCConfigurationList section */
	};
	rootObject = C198BA67236940AE00EA6692 /* Project object */;
}
